
Microsoft Visual Studio Solution File, Format Version 12.00
# Visual Studio Version 17
VisualStudioVersion = 17.7.34031.279
MinimumVisualStudioVersion = 10.0.40219.1
Project("{FAE04EC0-301F-11D3-BF4B-00C04F79EFBC}") = "CodingWiki_Web", "CodingWiki_Web\CodingWiki_Web.csproj", "{5CB18EA0-58A9-4AEB-889C-730060054F0C}"
EndProject
Global
	GlobalSection(SolutionConfigurationPlatforms) = preSolution
		Debug|Any CPU = Debug|Any CPU
		Release|Any CPU = Release|Any CPU
	EndGlobalSection
	GlobalSection(ProjectConfigurationPlatforms) = postSolution
		{5CB18EA0-58A9-4AEB-889C-730060054F0C}.Debug|Any CPU.ActiveCfg = Debug|Any CPU
		{5CB18EA0-58A9-4AEB-889C-730060054F0C}.Debug|Any CPU.Build.0 = Debug|Any CPU
		{5CB18EA0-58A9-4AEB-889C-730060054F0C}.Release|Any CPU.ActiveCfg = Release|Any CPU
		{5CB18EA0-58A9-4AEB-889C-730060054F0C}.Release|Any CPU.Build.0 = Release|Any CPU
	EndGlobalSection
	GlobalSection(SolutionProperties) = preSolution
		HideSolutionNode = FALSE
	EndGlobalSection
	GlobalSection(ExtensibilityGlobals) = postSolution
		SolutionGuid = {10B74E22-3CF9-4A7D-BA3A-2D11D1514BA0}
	EndGlobalSection
EndGlobal
